<?xml version="1.0" encoding="UTF-8" standalone="yes" ?>
<CodeBlocks_project_file>
	<FileVersion major="1" minor="6" />
	<Project>
		<Option title="T5 Rodrigo" />
		<Option pch_mode="2" />
		<Option compiler="gcc" />
		<Build>
			<Target title="Debug">
				<Option output="../__bin/Debug/canvas2d" prefix_auto="1" extension_auto="1" />
				<Option working_dir="../" />
				<Option object_output="../__obj/Debug/" />
				<Option type="1" />
				<Option compiler="gcc" />
				<Compiler>
					<Add option="-g" />
				</Compiler>
			</Target>
			<Target title="Release">
				<Option output="../__bin/Release/canvas2d" prefix_auto="1" extension_auto="1" />
				<Option working_dir="../" />
				<Option object_output="../__obj/Release/" />
				<Option type="1" />
				<Option compiler="gcc" />
				<Compiler>
					<Add option="-O2 -Wall" />
				</Compiler>
				<Linker>
					<Add option="-s" />
				</Linker>
			</Target>
		</Build>
		<Compiler>
			<Add option="-Wall" />
			<Add option="-std=c++17" />
			<Add option="-fexceptions" />
			<Add option="-DTEXT_DEBUG=0" />
			<Add directory="../include" />
		</Compiler>
		<Linker>
			<Add library="../lib/libfreeglut32.a" />
			<Add library="../lib/libopengl32.a" />
			<Add library="../lib/libglu32.a" />
			<Add library="winmm" />
			<Add library="ws2_32" />
		</Linker>
		<Unit filename="src/2D/lodepng.cpp" />
		<Unit filename="src/2D/lodepng.h" />
		<Unit filename="src/Engine/Actor.cpp" />
		<Unit filename="src/Engine/Actor.h" />
		<Unit filename="src/Engine/Components/Camera.h" />
		<Unit filename="src/Engine/Components/Character.cpp" />
		<Unit filename="src/Engine/Components/Character.h" />
		<Unit filename="src/Engine/Components/Component.cpp" />
		<Unit filename="src/Engine/Components/Component.h" />
		<Unit filename="src/Engine/Components/MeshRenderer.cpp" />
		<Unit filename="src/Engine/Components/MeshRenderer.h" />
		<Unit filename="src/Engine/Components/Skybox.cpp" />
		<Unit filename="src/Engine/Components/Skybox.h" />
		<Unit filename="src/Engine/Components/TerrainBezier.cpp" />
		<Unit filename="src/Engine/Components/TerrainBezier.h" />
		<Unit filename="src/Engine/Engine.cpp" />
		<Unit filename="src/Engine/Engine.h" />
		<Unit filename="src/Engine/Material.cpp" />
		<Unit filename="src/Engine/Material.h" />
		<Unit filename="src/Engine/Mesh.cpp" />
		<Unit filename="src/Engine/Mesh.h" />
		<Unit filename="src/Engine/MeshImporter.cpp" />
		<Unit filename="src/Engine/MeshImporter.h" />
		<Unit filename="src/Keyboard.h" />
		<Unit filename="src/Manager.cpp" />
		<Unit filename="src/Manager.h" />
		<Unit filename="src/Math/Matrix.cpp" />
		<Unit filename="src/Math/Matrix.h" />
		<Unit filename="src/Math/Vector2.cpp" />
		<Unit filename="src/Math/Vector2.h" />
		<Unit filename="src/Math/Vector3.cpp" />
		<Unit filename="src/Math/Vector3.h" />
		<Unit filename="src/TreeCreator.cpp" />
		<Unit filename="src/TreeCreator.h" />
		<Unit filename="src/main.cpp" />
		<Extensions>
			<DoxyBlocks>
				<comment_style block="2" line="0" />
				<doxyfile_project />
				<doxyfile_build />
				<doxyfile_warnings />
				<doxyfile_output />
				<doxyfile_dot />
				<general />
			</DoxyBlocks>
		</Extensions>
	</Project>
</CodeBlocks_project_file>
