<?xml version="1.0" encoding="UTF-8" standalone="yes" ?>
<CodeBlocks_project_file>
	<FileVersion major="1" minor="6" />
	<Project>
		<Option title="T4 Rodrigo" />
		<Option pch_mode="2" />
		<Option compiler="gcc" />
		<Build>
			<Target title="Debug">
				<Option output="../__bin/Debug/canvas2d" prefix_auto="1" extension_auto="1" />
				<Option working_dir="../" />
				<Option object_output="../__obj/Debug/" />
				<Option type="1" />
				<Option compiler="gcc" />
				<Compiler>
					<Add option="-g" />
				</Compiler>
			</Target>
			<Target title="Release">
				<Option output="../__bin/Release/canvas2d" prefix_auto="1" extension_auto="1" />
				<Option working_dir="../" />
				<Option object_output="../__obj/Release/" />
				<Option type="1" />
				<Option compiler="gcc" />
				<Compiler>
					<Add option="-O2 -Wall" />
				</Compiler>
				<Linker>
					<Add option="-s" />
				</Linker>
			</Target>
		</Build>
		<Compiler>
			<Add option="-Wall" />
			<Add option="-std=c++17" />
			<Add option="-fexceptions" />
			<Add option="-DTEXT_DEBUG=0" />
			<Add directory="../include" />
		</Compiler>
		<Linker>
			<Add library="../lib/libfreeglut32.a" />
			<Add library="../lib/libopengl32.a" />
			<Add library="../lib/libglu32.a" />
			<Add library="winmm" />
			<Add library="ws2_32" />
		</Linker>
		<Unit filename="src/3D/Buffer.cpp" />
		<Unit filename="src/3D/Buffer.h" />
		<Unit filename="src/3D/Camera.2D.cpp" />
		<Unit filename="src/3D/Camera.3D.cpp" />
		<Unit filename="src/3D/Camera.h" />
		<Unit filename="src/3D/ObjLoader.cpp" />
		<Unit filename="src/3D/ObjLoader.h" />
		<Unit filename="src/3D/Perspective.cpp" />
		<Unit filename="src/3D/Perspective.h" />
		<Unit filename="src/3D/Primitive.cpp" />
		<Unit filename="src/3D/Primitive.h" />
		<Unit filename="src/3D/Rasterizer.cpp" />
		<Unit filename="src/3D/Rasterizer.h" />
		<Unit filename="src/Fonts/FontManager.cpp" />
		<Unit filename="src/Fonts/FontManager.h" />
		<Unit filename="src/Keyboard.h" />
		<Unit filename="src/Math/Polygon2D.cpp" />
		<Unit filename="src/Math/Vector2.cpp" />
		<Unit filename="src/Math/Vector2.h" />
		<Unit filename="src/Math/Vector3.cpp" />
		<Unit filename="src/Math/Vector3.h" />
		<Unit filename="src/Misc/Tuple.h" />
		<Unit filename="src/Specific/Manager.cpp" />
		<Unit filename="src/Specific/Manager.h" />
		<Unit filename="src/Specific/Sidebar.cpp" />
		<Unit filename="src/Specific/Sidebar.h" />
		<Unit filename="src/Specific/Simulator.cpp" />
		<Unit filename="src/Specific/Simulator.h" />
		<Unit filename="src/UI/Button.cpp" />
		<Unit filename="src/UI/Button.h" />
		<Unit filename="src/UI/ButtonManager.cpp" />
		<Unit filename="src/UI/ButtonManager.h" />
		<Unit filename="src/UI/CheckBox.cpp" />
		<Unit filename="src/UI/CheckBox.h" />
		<Unit filename="src/UI/CheckBoxManager.cpp" />
		<Unit filename="src/UI/CheckBoxManager.h" />
		<Unit filename="src/UI/CursorManager.cpp" />
		<Unit filename="src/UI/CursorManager.h" />
		<Unit filename="src/UI/Slider.cpp" />
		<Unit filename="src/UI/Slider.h" />
		<Unit filename="src/UI/SliderManager.cpp" />
		<Unit filename="src/UI/SliderManager.h" />
		<Unit filename="src/UI/UIDefinitions.h" />
		<Unit filename="src/UI/UIManager.cpp" />
		<Unit filename="src/UI/UIManager.h" />
		<Unit filename="src/gl_canvas2d.cpp" />
		<Unit filename="src/gl_canvas2d.h" />
		<Unit filename="src/main.cpp" />
		<Extensions>
			<DoxyBlocks>
				<comment_style block="2" line="0" />
				<doxyfile_project />
				<doxyfile_build />
				<doxyfile_warnings />
				<doxyfile_output />
				<doxyfile_dot />
				<general />
			</DoxyBlocks>
		</Extensions>
	</Project>
</CodeBlocks_project_file>
